
Microsoft Visual Studio Solution File, Format Version 12.00
# Visual Studio Version 16
VisualStudioVersion = 16.0.28803.202
MinimumVisualStudioVersion = 10.0.40219.1
Project("{FAE04EC0-301F-11D3-BF4B-00C04F79EFBC}") = "Azure Pipelines Test", "Azure Pipelines Test\Azure Pipelines Test.csproj", "{F306A7D4-F048-4594-B5CB-A3BACBE962C3}"
EndProject
Global
	GlobalSection(SolutionConfigurationPlatforms) = preSolution
		Debug|Any CPU = Debug|Any CPU
		Release|Any CPU = Release|Any CPU
	EndGlobalSection
	GlobalSection(ProjectConfigurationPlatforms) = postSolution
		{F306A7D4-F048-4594-B5CB-A3BACBE962C3}.Debug|Any CPU.ActiveCfg = Debug|Any CPU
		{F306A7D4-F048-4594-B5CB-A3BACBE962C3}.Debug|Any CPU.Build.0 = Debug|Any CPU
		{F306A7D4-F048-4594-B5CB-A3BACBE962C3}.Release|Any CPU.ActiveCfg = Release|Any CPU
		{F306A7D4-F048-4594-B5CB-A3BACBE962C3}.Release|Any CPU.Build.0 = Release|Any CPU
	EndGlobalSection
	GlobalSection(SolutionProperties) = preSolution
		HideSolutionNode = FALSE
	EndGlobalSection
	GlobalSection(ExtensibilityGlobals) = postSolution
		SolutionGuid = {10CCCC22-AC62-420A-821E-F22B21221889}
	EndGlobalSection
EndGlobal
